# This file was autogenerated by Stack.
# You should not edit this file by hand.
# For more information, please see the documentation at:
#   https://docs.haskellstack.org/en/stable/lock_files

packages:
- completed:
    hackage: haxy-1.0.1@sha256:583199a724d204d453a0cdbff61d446076443ea9c9c3ce89a5c62b7ba563bd49,1672
    pantry-tree:
      size: 265
      sha256: b033f0a0fbef880bdc9b10d4e3a9ef506bb3a824659a504a0efc321aab5905c9
  original:
    hackage: haxy-1.0.1@sha256:583199a724d204d453a0cdbff61d446076443ea9c9c3ce89a5c62b7ba563bd49,1672
- completed:
    hackage: data-default-class-0.0.1@sha256:ebc9e105820625b9fbceab9c38a9a417f01d36099156eb6ea4e0e7c1b17147e6,462
    pantry-tree:
      size: 224
      sha256: 5d1dea18f6cdd079c8d833b0048e39319888856fa7fa87ef3cdcee7fdbb80f72
  original:
    hackage: data-default-class-0.0.1@sha256:ebc9e105820625b9fbceab9c38a9a417f01d36099156eb6ea4e0e7c1b17147e6,462
- completed:
    hackage: mime-0.4.0.2@sha256:208947d9d1a19d08850be67ecb28c6e776db697f3bba05bd9d682e51a59f241f,983
    pantry-tree:
      size: 565
      sha256: f2529a2e1678074ca0340ff60caa986f4e246d7d9abe8186657910c2900364bb
  original:
    hackage: mime-0.4.0.2@sha256:208947d9d1a19d08850be67ecb28c6e776db697f3bba05bd9d682e51a59f241f,983
- completed:
    hackage: http-server-1.0.6@sha256:56830d13b07697107f1ce6bf6c08439662fdc821550a3b4e66df5a62edf41374,1453
    pantry-tree:
      size: 738
      sha256: a98ad06ec18c9afc9fe2fc234e72c3e041a0ca2d76639b10569f93a447a531ea
  original:
    hackage: http-server-1.0.6@sha256:56830d13b07697107f1ce6bf6c08439662fdc821550a3b4e66df5a62edf41374,1453
- completed:
    hackage: HTTP-4000.3.14@sha256:d4a96774226d2ea5011cb27a6c89fff848e541469e53b9cd9b3a9488afebf323,5804
    pantry-tree:
      size: 1428
      sha256: 34c45282e9bf6779ad42d5aaaf1d97fb17b9650affc238865274a924545f7538
  original:
    hackage: HTTP-4000.3.14@sha256:d4a96774226d2ea5011cb27a6c89fff848e541469e53b9cd9b3a9488afebf323,5804
snapshots:
- completed:
    size: 498398
    url: https://raw.githubusercontent.com/commercialhaskell/stackage-snapshots/master/lts/13/23.yaml
    sha256: 63151ca76f39d5cfbd266ce019236459fdda53fbefd2200aedeb33bcc81f808e
  original: lts-13.23
